
Microsoft Visual Studio Solution File, Format Version 12.00
# Visual Studio Version 16
VisualStudioVersion = 16.0.29509.3
MinimumVisualStudioVersion = 10.0.40219.1
Project("{FAE04EC0-301F-11D3-BF4B-00C04F79EFBC}") = "ProjectCostingTest", "ProjectCostingTest\ProjectCostingTest.csproj", "{F21DB791-D8C3-4F7D-A0AD-7F6754FD6276}"
EndProject
Global
	GlobalSection(SolutionConfigurationPlatforms) = preSolution
		Debug|Any CPU = Debug|Any CPU
		Release|Any CPU = Release|Any CPU
	EndGlobalSection
	GlobalSection(ProjectConfigurationPlatforms) = postSolution
		{F21DB791-D8C3-4F7D-A0AD-7F6754FD6276}.Debug|Any CPU.ActiveCfg = Debug|Any CPU
		{F21DB791-D8C3-4F7D-A0AD-7F6754FD6276}.Debug|Any CPU.Build.0 = Debug|Any CPU
		{F21DB791-D8C3-4F7D-A0AD-7F6754FD6276}.Release|Any CPU.ActiveCfg = Release|Any CPU
		{F21DB791-D8C3-4F7D-A0AD-7F6754FD6276}.Release|Any CPU.Build.0 = Release|Any CPU
	EndGlobalSection
	GlobalSection(SolutionProperties) = preSolution
		HideSolutionNode = FALSE
	EndGlobalSection
	GlobalSection(ExtensibilityGlobals) = postSolution
		SolutionGuid = {B29C6A08-8EDD-460F-AD92-01C0DBE76D0E}
	EndGlobalSection
EndGlobal
